
Microsoft Visual Studio Solution File, Format Version 12.00
# Visual Studio 15
VisualStudioVersion = 15.0.27428.2015
MinimumVisualStudioVersion = 10.0.40219.1
Project("{FAE04EC0-301F-11D3-BF4B-00C04F79EFBC}") = "Calculator", "Calculator\Calculator.csproj", "{F8474828-D900-43D2-AF15-53EDF9A8712E}"
EndProject
Global
	GlobalSection(SolutionConfigurationPlatforms) = preSolution
		Debug|Any CPU = Debug|Any CPU
		Release|Any CPU = Release|Any CPU
	EndGlobalSection
	GlobalSection(ProjectConfigurationPlatforms) = postSolution
		{F8474828-D900-43D2-AF15-53EDF9A8712E}.Debug|Any CPU.ActiveCfg = Debug|Any CPU
		{F8474828-D900-43D2-AF15-53EDF9A8712E}.Debug|Any CPU.Build.0 = Debug|Any CPU
		{F8474828-D900-43D2-AF15-53EDF9A8712E}.Release|Any CPU.ActiveCfg = Release|Any CPU
		{F8474828-D900-43D2-AF15-53EDF9A8712E}.Release|Any CPU.Build.0 = Release|Any CPU
	EndGlobalSection
	GlobalSection(SolutionProperties) = preSolution
		HideSolutionNode = FALSE
	EndGlobalSection
	GlobalSection(ExtensibilityGlobals) = postSolution
		SolutionGuid = {0F931111-02E0-4D31-AB0A-17FC73D43F0E}
	EndGlobalSection
EndGlobal
